
Microsoft Visual Studio Solution File, Format Version 12.00
# Visual Studio Version 17
VisualStudioVersion = 17.13.35825.156
MinimumVisualStudioVersion = 10.0.40219.1
Project("{FAE04EC0-301F-11D3-BF4B-00C04F79EFBC}") = "GeekStore", "GeekStore.csproj", "{919F4D6B-3F65-ABEA-60FB-D5BE02A7ED8B}"
EndProject
Global
	GlobalSection(SolutionConfigurationPlatforms) = preSolution
		Debug|Any CPU = Debug|Any CPU
		Release|Any CPU = Release|Any CPU
	EndGlobalSection
	GlobalSection(ProjectConfigurationPlatforms) = postSolution
		{919F4D6B-3F65-ABEA-60FB-D5BE02A7ED8B}.Debug|Any CPU.ActiveCfg = Debug|Any CPU
		{919F4D6B-3F65-ABEA-60FB-D5BE02A7ED8B}.Debug|Any CPU.Build.0 = Debug|Any CPU
		{919F4D6B-3F65-ABEA-60FB-D5BE02A7ED8B}.Release|Any CPU.ActiveCfg = Release|Any CPU
		{919F4D6B-3F65-ABEA-60FB-D5BE02A7ED8B}.Release|Any CPU.Build.0 = Release|Any CPU
	EndGlobalSection
	GlobalSection(SolutionProperties) = preSolution
		HideSolutionNode = FALSE
	EndGlobalSection
	GlobalSection(ExtensibilityGlobals) = postSolution
		SolutionGuid = {9E5BDF01-8EF0-4AE0-9A71-E013D5BEDADF}
	EndGlobalSection
EndGlobal
